
Microsoft Visual Studio Solution File, Format Version 12.00
# Visual Studio 15
VisualStudioVersion = 15.0.27703.2047
MinimumVisualStudioVersion = 10.0.40219.1
Project("{FAE04EC0-301F-11D3-BF4B-00C04F79EFBC}") = "MeteostationClient", "MeteostationClient\MeteostationClient.csproj", "{D550802B-50B0-455B-81E0-B7F0AAA85059}"
EndProject
Global
	GlobalSection(SolutionConfigurationPlatforms) = preSolution
		Debug|Any CPU = Debug|Any CPU
		Release|Any CPU = Release|Any CPU
	EndGlobalSection
	GlobalSection(ProjectConfigurationPlatforms) = postSolution
		{D550802B-50B0-455B-81E0-B7F0AAA85059}.Debug|Any CPU.ActiveCfg = Debug|Any CPU
		{D550802B-50B0-455B-81E0-B7F0AAA85059}.Debug|Any CPU.Build.0 = Debug|Any CPU
		{D550802B-50B0-455B-81E0-B7F0AAA85059}.Release|Any CPU.ActiveCfg = Release|Any CPU
		{D550802B-50B0-455B-81E0-B7F0AAA85059}.Release|Any CPU.Build.0 = Release|Any CPU
	EndGlobalSection
	GlobalSection(SolutionProperties) = preSolution
		HideSolutionNode = FALSE
	EndGlobalSection
	GlobalSection(ExtensibilityGlobals) = postSolution
		SolutionGuid = {F2283566-F40C-4418-982D-6FD7A73A3D9F}
	EndGlobalSection
EndGlobal
